
Microsoft Visual Studio Solution File, Format Version 12.00
# Visual Studio Version 16
VisualStudioVersion = 16.0.32630.194
MinimumVisualStudioVersion = 10.0.40219.1
Project("{9A19103F-16F7-4668-BE54-9A1E7A4F7556}") = "ContactService", "ContactService\ContactService.csproj", "{F0B496C5-64B2-4150-B42E-C43D29B4A1D7}"
	ProjectSection(ProjectDependencies) = postProject
		{E8042BE0-3863-43BB-8FFA-EC9A1885812C} = {E8042BE0-3863-43BB-8FFA-EC9A1885812C}
	EndProjectSection
EndProject
Project("{9A19103F-16F7-4668-BE54-9A1E7A4F7556}") = "ReportService", "ReportService\ReportService.csproj", "{19670EDA-B12A-49B5-AD93-80E7DBBA553C}"
	ProjectSection(ProjectDependencies) = postProject
		{E8042BE0-3863-43BB-8FFA-EC9A1885812C} = {E8042BE0-3863-43BB-8FFA-EC9A1885812C}
	EndProjectSection
EndProject
Project("{9A19103F-16F7-4668-BE54-9A1E7A4F7556}") = "Shared", "Common\Shared.csproj", "{E8042BE0-3863-43BB-8FFA-EC9A1885812C}"
EndProject
Project("{FAE04EC0-301F-11D3-BF4B-00C04F79EFBC}") = "ProcessService", "ProcessService\ProcessService.csproj", "{C7498743-42F2-40B9-A214-7E1DF82501C2}"
EndProject
Global
	GlobalSection(SolutionConfigurationPlatforms) = preSolution
		Debug|Any CPU = Debug|Any CPU
		Release|Any CPU = Release|Any CPU
	EndGlobalSection
	GlobalSection(ProjectConfigurationPlatforms) = postSolution
		{F0B496C5-64B2-4150-B42E-C43D29B4A1D7}.Debug|Any CPU.ActiveCfg = Debug|Any CPU
		{F0B496C5-64B2-4150-B42E-C43D29B4A1D7}.Debug|Any CPU.Build.0 = Debug|Any CPU
		{F0B496C5-64B2-4150-B42E-C43D29B4A1D7}.Release|Any CPU.ActiveCfg = Release|Any CPU
		{F0B496C5-64B2-4150-B42E-C43D29B4A1D7}.Release|Any CPU.Build.0 = Release|Any CPU
		{19670EDA-B12A-49B5-AD93-80E7DBBA553C}.Debug|Any CPU.ActiveCfg = Debug|Any CPU
		{19670EDA-B12A-49B5-AD93-80E7DBBA553C}.Debug|Any CPU.Build.0 = Debug|Any CPU
		{19670EDA-B12A-49B5-AD93-80E7DBBA553C}.Release|Any CPU.ActiveCfg = Release|Any CPU
		{19670EDA-B12A-49B5-AD93-80E7DBBA553C}.Release|Any CPU.Build.0 = Release|Any CPU
		{E8042BE0-3863-43BB-8FFA-EC9A1885812C}.Debug|Any CPU.ActiveCfg = Debug|Any CPU
		{E8042BE0-3863-43BB-8FFA-EC9A1885812C}.Debug|Any CPU.Build.0 = Debug|Any CPU
		{E8042BE0-3863-43BB-8FFA-EC9A1885812C}.Release|Any CPU.ActiveCfg = Release|Any CPU
		{E8042BE0-3863-43BB-8FFA-EC9A1885812C}.Release|Any CPU.Build.0 = Release|Any CPU
		{C7498743-42F2-40B9-A214-7E1DF82501C2}.Debug|Any CPU.ActiveCfg = Debug|Any CPU
		{C7498743-42F2-40B9-A214-7E1DF82501C2}.Debug|Any CPU.Build.0 = Debug|Any CPU
		{C7498743-42F2-40B9-A214-7E1DF82501C2}.Release|Any CPU.ActiveCfg = Release|Any CPU
		{C7498743-42F2-40B9-A214-7E1DF82501C2}.Release|Any CPU.Build.0 = Release|Any CPU
	EndGlobalSection
	GlobalSection(SolutionProperties) = preSolution
		HideSolutionNode = FALSE
	EndGlobalSection
	GlobalSection(ExtensibilityGlobals) = postSolution
		SolutionGuid = {1DC57194-8661-4B09-9686-61BB75970E67}
	EndGlobalSection
EndGlobal
